// !$*UTF8*$!
{
	archiveVersion = 1;
	classes = {
	};
	objectVersion = 51;
	objects = {

/* Begin PBXBuildFile section */
		851AB3A6273FDAA1005606AC /* OTPController.swift in Sources */ = {isa = PBXBuildFile; fileRef = 851AB3A5273FDAA1005606AC /* OTPController.swift */; };
		851AB3AA274017E9005606AC /* DesignUi.swift in Sources */ = {isa = PBXBuildFile; fileRef = 851AB3A9274017E9005606AC /* DesignUi.swift */; };
		851AB3AC27402EC4005606AC /* ProfileController.swift in Sources */ = {isa = PBXBuildFile; fileRef = 851AB3AB27402EC4005606AC /* ProfileController.swift */; };
		851AB3AE27402ED3005606AC /* AssociationsController.swift in Sources */ = {isa = PBXBuildFile; fileRef = 851AB3AD27402ED3005606AC /* AssociationsController.swift */; };
		851AB3B027402EDE005606AC /* LostController.swift in Sources */ = {isa = PBXBuildFile; fileRef = 851AB3AF27402EDE005606AC /* LostController.swift */; };
		851AB3B227402EEA005606AC /* FoundController.swift in Sources */ = {isa = PBXBuildFile; fileRef = 851AB3B127402EEA005606AC /* FoundController.swift */; };
		851AB3B427410C2D005606AC /* MySubclassedTabBarController.swift in Sources */ = {isa = PBXBuildFile; fileRef = 851AB3B327410C2D005606AC /* MySubclassedTabBarController.swift */; };
		851AB3B7274142B9005606AC /* WebService.swift in Sources */ = {isa = PBXBuildFile; fileRef = 851AB3B6274142B9005606AC /* WebService.swift */; };
		851AB3BC2741920B005606AC /* Utilis.swift in Sources */ = {isa = PBXBuildFile; fileRef = 851AB3BB2741920B005606AC /* Utilis.swift */; };
		85417DD927303088003F59CF /* AppDelegate.swift in Sources */ = {isa = PBXBuildFile; fileRef = 85417DD827303088003F59CF /* AppDelegate.swift */; };
		85417DDB27303088003F59CF /* SceneDelegate.swift in Sources */ = {isa = PBXBuildFile; fileRef = 85417DDA27303088003F59CF /* SceneDelegate.swift */; };
		85417DDD27303088003F59CF /* ConnexionController.swift in Sources */ = {isa = PBXBuildFile; fileRef = 85417DDC27303088003F59CF /* ConnexionController.swift */; };
		85417DE027303088003F59CF /* Main.storyboard in Resources */ = {isa = PBXBuildFile; fileRef = 85417DDE27303088003F59CF /* Main.storyboard */; };
		85417DE327303088003F59CF /* Lost_Found.xcdatamodeld in Sources */ = {isa = PBXBuildFile; fileRef = 85417DE127303088003F59CF /* Lost_Found.xcdatamodeld */; };
		85417DE527303089003F59CF /* Assets.xcassets in Resources */ = {isa = PBXBuildFile; fileRef = 85417DE427303089003F59CF /* Assets.xcassets */; };
		85417DE827303089003F59CF /* LaunchScreen.storyboard in Resources */ = {isa = PBXBuildFile; fileRef = 85417DE627303089003F59CF /* LaunchScreen.storyboard */; };
		85B5B729273E986C0079E2FE /* User.swift in Sources */ = {isa = PBXBuildFile; fileRef = 85B5B728273E986C0079E2FE /* User.swift */; };
		85B5B72D273E993E0079E2FE /* CreateAccount.swift in Sources */ = {isa = PBXBuildFile; fileRef = 85B5B72C273E993E0079E2FE /* CreateAccount.swift */; };
		E1D35C6F954C510F44A2D314 /* Pods_Lost_Found.framework in Frameworks */ = {isa = PBXBuildFile; fileRef = 8E8092D2410330D9E58E0372 /* Pods_Lost_Found.framework */; };
/* End PBXBuildFile section */

/* Begin PBXFileReference section */
		529CEEBDAAC68DB7828346E5 /* Pods-Lost&Found.release.xcconfig */ = {isa = PBXFileReference; includeInIndex = 1; lastKnownFileType = text.xcconfig; name = "Pods-Lost&Found.release.xcconfig"; path = "Target Support Files/Pods-Lost&Found/Pods-Lost&Found.release.xcconfig"; sourceTree = "<group>"; };
		851AB3A5273FDAA1005606AC /* OTPController.swift */ = {isa = PBXFileReference; lastKnownFileType = sourcecode.swift; path = OTPController.swift; sourceTree = "<group>"; };
		851AB3A9274017E9005606AC /* DesignUi.swift */ = {isa = PBXFileReference; lastKnownFileType = sourcecode.swift; path = DesignUi.swift; sourceTree = "<group>"; };
		851AB3AB27402EC4005606AC /* ProfileController.swift */ = {isa = PBXFileReference; lastKnownFileType = sourcecode.swift; path = ProfileController.swift; sourceTree = "<group>"; };
		851AB3AD27402ED3005606AC /* AssociationsController.swift */ = {isa = PBXFileReference; lastKnownFileType = sourcecode.swift; path = AssociationsController.swift; sourceTree = "<group>"; };
		851AB3AF27402EDE005606AC /* LostController.swift */ = {isa = PBXFileReference; lastKnownFileType = sourcecode.swift; path = LostController.swift; sourceTree = "<group>"; };
		851AB3B127402EEA005606AC /* FoundController.swift */ = {isa = PBXFileReference; lastKnownFileType = sourcecode.swift; path = FoundController.swift; sourceTree = "<group>"; };
		851AB3B327410C2D005606AC /* MySubclassedTabBarController.swift */ = {isa = PBXFileReference; lastKnownFileType = sourcecode.swift; path = MySubclassedTabBarController.swift; sourceTree = "<group>"; };
		851AB3B6274142B9005606AC /* WebService.swift */ = {isa = PBXFileReference; lastKnownFileType = sourcecode.swift; path = WebService.swift; sourceTree = "<group>"; };
		851AB3BB2741920B005606AC /* Utilis.swift */ = {isa = PBXFileReference; lastKnownFileType = sourcecode.swift; path = Utilis.swift; sourceTree = "<group>"; };
		85417DD527303088003F59CF /* Lost&Found.app */ = {isa = PBXFileReference; explicitFileType = wrapper.application; includeInIndex = 0; path = "Lost&Found.app"; sourceTree = BUILT_PRODUCTS_DIR; };
		85417DD827303088003F59CF /* AppDelegate.swift */ = {isa = PBXFileReference; lastKnownFileType = sourcecode.swift; path = AppDelegate.swift; sourceTree = "<group>"; };
		85417DDA27303088003F59CF /* SceneDelegate.swift */ = {isa = PBXFileReference; lastKnownFileType = sourcecode.swift; path = SceneDelegate.swift; sourceTree = "<group>"; };
		85417DDC27303088003F59CF /* ConnexionController.swift */ = {isa = PBXFileReference; lastKnownFileType = sourcecode.swift; path = ConnexionController.swift; sourceTree = "<group>"; };
		85417DDF27303088003F59CF /* Base */ = {isa = PBXFileReference; lastKnownFileType = file.storyboard; name = Base; path = Base.lproj/Main.storyboard; sourceTree = "<group>"; };
		85417DE227303088003F59CF /* Lost_Found.xcdatamodel */ = {isa = PBXFileReference; lastKnownFileType = wrapper.xcdatamodel; path = Lost_Found.xcdatamodel; sourceTree = "<group>"; };
		85417DE427303089003F59CF /* Assets.xcassets */ = {isa = PBXFileReference; lastKnownFileType = folder.assetcatalog; path = Assets.xcassets; sourceTree = "<group>"; };
		85417DE727303089003F59CF /* Base */ = {isa = PBXFileReference; lastKnownFileType = file.storyboard; name = Base; path = Base.lproj/LaunchScreen.storyboard; sourceTree = "<group>"; };
		85417DE927303089003F59CF /* Info.plist */ = {isa = PBXFileReference; lastKnownFileType = text.plist.xml; path = Info.plist; sourceTree = "<group>"; };
		85B5B728273E986C0079E2FE /* User.swift */ = {isa = PBXFileReference; lastKnownFileType = sourcecode.swift; path = User.swift; sourceTree = "<group>"; };
		85B5B72C273E993E0079E2FE /* CreateAccount.swift */ = {isa = PBXFileReference; lastKnownFileType = sourcecode.swift; path = CreateAccount.swift; sourceTree = "<group>"; };
		8E8092D2410330D9E58E0372 /* Pods_Lost_Found.framework */ = {isa = PBXFileReference; explicitFileType = wrapper.framework; includeInIndex = 0; path = Pods_Lost_Found.framework; sourceTree = BUILT_PRODUCTS_DIR; };
		D70E04CEDFD44276B9ABC8D5 /* Pods-Lost&Found.debug.xcconfig */ = {isa = PBXFileReference; includeInIndex = 1; lastKnownFileType = text.xcconfig; name = "Pods-Lost&Found.debug.xcconfig"; path = "Target Support Files/Pods-Lost&Found/Pods-Lost&Found.debug.xcconfig"; sourceTree = "<group>"; };
/* End PBXFileReference section */

/* Begin PBXFrameworksBuildPhase section */
		85417DD227303088003F59CF /* Frameworks */ = {
			isa = PBXFrameworksBuildPhase;
			buildActionMask = 2147483647;
			files = (
				E1D35C6F954C510F44A2D314 /* Pods_Lost_Found.framework in Frameworks */,
			);
			runOnlyForDeploymentPostprocessing = 0;
		};
/* End PBXFrameworksBuildPhase section */

/* Begin PBXGroup section */
		851AB3A8274017CE005606AC /* Design */ = {
			isa = PBXGroup;
			children = (
				851AB3A9274017E9005606AC /* DesignUi.swift */,
			);
			path = Design;
			sourceTree = "<group>";
		};
		851AB3B5274142A5005606AC /* ModelView */ = {
			isa = PBXGroup;
			children = (
			);
			path = ModelView;
			sourceTree = "<group>";
		};
		851AB3B827414DC2005606AC /* Services */ = {
			isa = PBXGroup;
			children = (
				851AB3B6274142B9005606AC /* WebService.swift */,
				851AB3BB2741920B005606AC /* Utilis.swift */,
			);
			path = Services;
			sourceTree = "<group>";
		};
		85417DCC27303087003F59CF = {
			isa = PBXGroup;
			children = (
				85417DD727303088003F59CF /* Lost&Found */,
				85417DD627303088003F59CF /* Products */,
				DAB7420912F5C635BBD8456E /* Pods */,
				AB8C7E386B3C7B65109DB29E /* Frameworks */,
			);
			sourceTree = "<group>";
		};
		85417DD627303088003F59CF /* Products */ = {
			isa = PBXGroup;
			children = (
				85417DD527303088003F59CF /* Lost&Found.app */,
			);
			name = Products;
			sourceTree = "<group>";
		};
		85417DD727303088003F59CF /* Lost&Found */ = {
			isa = PBXGroup;
			children = (
				851AB3B827414DC2005606AC /* Services */,
				851AB3B5274142A5005606AC /* ModelView */,
				851AB3A8274017CE005606AC /* Design */,
				85B5B72B273E98830079E2FE /* ViewController */,
				85B5B727273E979B0079E2FE /* Models */,
				85417DD827303088003F59CF /* AppDelegate.swift */,
				85417DDA27303088003F59CF /* SceneDelegate.swift */,
				85417DDE27303088003F59CF /* Main.storyboard */,
				85417DE427303089003F59CF /* Assets.xcassets */,
				85417DE627303089003F59CF /* LaunchScreen.storyboard */,
				85417DE927303089003F59CF /* Info.plist */,
				85417DE127303088003F59CF /* Lost_Found.xcdatamodeld */,
			);
			path = "Lost&Found";
			sourceTree = "<group>";
		};
		85B5B727273E979B0079E2FE /* Models */ = {
			isa = PBXGroup;
			children = (
				85B5B728273E986C0079E2FE /* User.swift */,
			);
			path = Models;
			sourceTree = "<group>";
		};
		85B5B72B273E98830079E2FE /* ViewController */ = {
			isa = PBXGroup;
			children = (
				85417DDC27303088003F59CF /* ConnexionController.swift */,
				85B5B72C273E993E0079E2FE /* CreateAccount.swift */,
				851AB3A5273FDAA1005606AC /* OTPController.swift */,
				851AB3AB27402EC4005606AC /* ProfileController.swift */,
				851AB3AD27402ED3005606AC /* AssociationsController.swift */,
				851AB3AF27402EDE005606AC /* LostController.swift */,
				851AB3B127402EEA005606AC /* FoundController.swift */,
				851AB3B327410C2D005606AC /* MySubclassedTabBarController.swift */,
			);
			path = ViewController;
			sourceTree = "<group>";
		};
		AB8C7E386B3C7B65109DB29E /* Frameworks */ = {
			isa = PBXGroup;
			children = (
				8E8092D2410330D9E58E0372 /* Pods_Lost_Found.framework */,
			);
			name = Frameworks;
			sourceTree = "<group>";
		};
		DAB7420912F5C635BBD8456E /* Pods */ = {
			isa = PBXGroup;
			children = (
				D70E04CEDFD44276B9ABC8D5 /* Pods-Lost&Found.debug.xcconfig */,
				529CEEBDAAC68DB7828346E5 /* Pods-Lost&Found.release.xcconfig */,
			);
			path = Pods;
			sourceTree = "<group>";
		};
/* End PBXGroup section */

/* Begin PBXNativeTarget section */
		85417DD427303088003F59CF /* Lost&Found */ = {
			isa = PBXNativeTarget;
			buildConfigurationList = 85417DEC27303089003F59CF /* Build configuration list for PBXNativeTarget "Lost&Found" */;
			buildPhases = (
				59E9326134381E9691B1ED6D /* [CP] Check Pods Manifest.lock */,
				85417DD127303088003F59CF /* Sources */,
				85417DD227303088003F59CF /* Frameworks */,
				85417DD327303088003F59CF /* Resources */,
				9184138B5290A3489F661D22 /* [CP] Embed Pods Frameworks */,
			);
			buildRules = (
			);
			dependencies = (
			);
			name = "Lost&Found";
			productName = "Lost&Found";
			productReference = 85417DD527303088003F59CF /* Lost&Found.app */;
			productType = "com.apple.product-type.application";
		};
/* End PBXNativeTarget section */

/* Begin PBXProject section */
		85417DCD27303087003F59CF /* Project object */ = {
			isa = PBXProject;
			attributes = {
				LastSwiftUpdateCheck = 1250;
				LastUpgradeCheck = 1250;
				TargetAttributes = {
					85417DD427303088003F59CF = {
						CreatedOnToolsVersion = 12.5.1;
					};
				};
			};
			buildConfigurationList = 85417DD027303087003F59CF /* Build configuration list for PBXProject "Lost&Found" */;
			compatibilityVersion = "Xcode 9.3";
			developmentRegion = en;
			hasScannedForEncodings = 0;
			knownRegions = (
				en,
				Base,
			);
			mainGroup = 85417DCC27303087003F59CF;
			productRefGroup = 85417DD627303088003F59CF /* Products */;
			projectDirPath = "";
			projectRoot = "";
			targets = (
				85417DD427303088003F59CF /* Lost&Found */,
			);
		};
/* End PBXProject section */

/* Begin PBXResourcesBuildPhase section */
		85417DD327303088003F59CF /* Resources */ = {
			isa = PBXResourcesBuildPhase;
			buildActionMask = 2147483647;
			files = (
				85417DE827303089003F59CF /* LaunchScreen.storyboard in Resources */,
				85417DE527303089003F59CF /* Assets.xcassets in Resources */,
				85417DE027303088003F59CF /* Main.storyboard in Resources */,
			);
			runOnlyForDeploymentPostprocessing = 0;
		};
/* End PBXResourcesBuildPhase section */

/* Begin PBXShellScriptBuildPhase section */
		59E9326134381E9691B1ED6D /* [CP] Check Pods Manifest.lock */ = {
			isa = PBXShellScriptBuildPhase;
			buildActionMask = 2147483647;
			files = (
			);
			inputFileListPaths = (
			);
			inputPaths = (
				"${PODS_PODFILE_DIR_PATH}/Podfile.lock",
				"${PODS_ROOT}/Manifest.lock",
			);
			name = "[CP] Check Pods Manifest.lock";
			outputFileListPaths = (
			);
			outputPaths = (
				"$(DERIVED_FILE_DIR)/Pods-Lost&Found-checkManifestLockResult.txt",
			);
			runOnlyForDeploymentPostprocessing = 0;
			shellPath = /bin/sh;
			shellScript = "diff \"${PODS_PODFILE_DIR_PATH}/Podfile.lock\" \"${PODS_ROOT}/Manifest.lock\" > /dev/null\nif [ $? != 0 ] ; then\n    # print error to STDERR\n    echo \"error: The sandbox is not in sync with the Podfile.lock. Run 'pod install' or update your CocoaPods installation.\" >&2\n    exit 1\nfi\n# This output is used by Xcode 'outputs' to avoid re-running this script phase.\necho \"SUCCESS\" > \"${SCRIPT_OUTPUT_FILE_0}\"\n";
			showEnvVarsInLog = 0;
		};
		9184138B5290A3489F661D22 /* [CP] Embed Pods Frameworks */ = {
			isa = PBXShellScriptBuildPhase;
			buildActionMask = 2147483647;
			files = (
			);
			inputFileListPaths = (
				"${PODS_ROOT}/Target Support Files/Pods-Lost&Found/Pods-Lost&Found-frameworks-${CONFIGURATION}-input-files.xcfilelist",
			);
			name = "[CP] Embed Pods Frameworks";
			outputFileListPaths = (
				"${PODS_ROOT}/Target Support Files/Pods-Lost&Found/Pods-Lost&Found-frameworks-${CONFIGURATION}-output-files.xcfilelist",
			);
			runOnlyForDeploymentPostprocessing = 0;
			shellPath = /bin/sh;
			shellScript = "\"${PODS_ROOT}/Target Support Files/Pods-Lost&Found/Pods-Lost&Found-frameworks.sh\"\n";
			showEnvVarsInLog = 0;
		};
/* End PBXShellScriptBuildPhase section */

/* Begin PBXSourcesBuildPhase section */
		85417DD127303088003F59CF /* Sources */ = {
			isa = PBXSourcesBuildPhase;
			buildActionMask = 2147483647;
			files = (
				851AB3BC2741920B005606AC /* Utilis.swift in Sources */,
				85417DE327303088003F59CF /* Lost_Found.xcdatamodeld in Sources */,
				851AB3AE27402ED3005606AC /* AssociationsController.swift in Sources */,
				851AB3B7274142B9005606AC /* WebService.swift in Sources */,
				851AB3AA274017E9005606AC /* DesignUi.swift in Sources */,
				85B5B72D273E993E0079E2FE /* CreateAccount.swift in Sources */,
				851AB3B227402EEA005606AC /* FoundController.swift in Sources */,
				851AB3A6273FDAA1005606AC /* OTPController.swift in Sources */,
				85417DDD27303088003F59CF /* ConnexionController.swift in Sources */,
				851AB3AC27402EC4005606AC /* ProfileController.swift in Sources */,
				85417DD927303088003F59CF /* AppDelegate.swift in Sources */,
				85B5B729273E986C0079E2FE /* User.swift in Sources */,
				851AB3B027402EDE005606AC /* LostController.swift in Sources */,
				85417DDB27303088003F59CF /* SceneDelegate.swift in Sources */,
				851AB3B427410C2D005606AC /* MySubclassedTabBarController.swift in Sources */,
			);
			runOnlyForDeploymentPostprocessing = 0;
		};
/* End PBXSourcesBuildPhase section */

/* Begin PBXVariantGroup section */
		85417DDE27303088003F59CF /* Main.storyboard */ = {
			isa = PBXVariantGroup;
			children = (
				85417DDF27303088003F59CF /* Base */,
			);
			name = Main.storyboard;
			sourceTree = "<group>";
		};
		85417DE627303089003F59CF /* LaunchScreen.storyboard */ = {
			isa = PBXVariantGroup;
			children = (
				85417DE727303089003F59CF /* Base */,
			);
			name = LaunchScreen.storyboard;
			sourceTree = "<group>";
		};
/* End PBXVariantGroup section */

/* Begin XCBuildConfiguration section */
		85417DEA27303089003F59CF /* Debug */ = {
			isa = XCBuildConfiguration;
			buildSettings = {
				ALWAYS_SEARCH_USER_PATHS = NO;
				CLANG_ANALYZER_NONNULL = YES;
				CLANG_ANALYZER_NUMBER_OBJECT_CONVERSION = YES_AGGRESSIVE;
				CLANG_CXX_LANGUAGE_STANDARD = "gnu++14";
				CLANG_CXX_LIBRARY = "libc++";
				CLANG_ENABLE_MODULES = YES;
				CLANG_ENABLE_OBJC_ARC = YES;
				CLANG_ENABLE_OBJC_WEAK = YES;
				CLANG_WARN_BLOCK_CAPTURE_AUTORELEASING = YES;
				CLANG_WARN_BOOL_CONVERSION = YES;
				CLANG_WARN_COMMA = YES;
				CLANG_WARN_CONSTANT_CONVERSION = YES;
				CLANG_WARN_DEPRECATED_OBJC_IMPLEMENTATIONS = YES;
				CLANG_WARN_DIRECT_OBJC_ISA_USAGE = YES_ERROR;
				CLANG_WARN_DOCUMENTATION_COMMENTS = YES;
				CLANG_WARN_EMPTY_BODY = YES;
				CLANG_WARN_ENUM_CONVERSION = YES;
				CLANG_WARN_INFINITE_RECURSION = YES;
				CLANG_WARN_INT_CONVERSION = YES;
				CLANG_WARN_NON_LITERAL_NULL_CONVERSION = YES;
				CLANG_WARN_OBJC_IMPLICIT_RETAIN_SELF = YES;
				CLANG_WARN_OBJC_LITERAL_CONVERSION = YES;
				CLANG_WARN_OBJC_ROOT_CLASS = YES_ERROR;
				CLANG_WARN_QUOTED_INCLUDE_IN_FRAMEWORK_HEADER = YES;
				CLANG_WARN_RANGE_LOOP_ANALYSIS = YES;
				CLANG_WARN_STRICT_PROTOTYPES = YES;
				CLANG_WARN_SUSPICIOUS_MOVE = YES;
				CLANG_WARN_UNGUARDED_AVAILABILITY = YES_AGGRESSIVE;
				CLANG_WARN_UNREACHABLE_CODE = YES;
				CLANG_WARN__DUPLICATE_METHOD_MATCH = YES;
				COPY_PHASE_STRIP = NO;
				DEBUG_INFORMATION_FORMAT = dwarf;
				ENABLE_STRICT_OBJC_MSGSEND = YES;
				ENABLE_TESTABILITY = YES;
				GCC_C_LANGUAGE_STANDARD = gnu11;
				GCC_DYNAMIC_NO_PIC = NO;
				GCC_NO_COMMON_BLOCKS = YES;
				GCC_OPTIMIZATION_LEVEL = 0;
				GCC_PREPROCESSOR_DEFINITIONS = (
					"DEBUG=1",
					"$(inherited)",
				);
				GCC_WARN_64_TO_32_BIT_CONVERSION = YES;
				GCC_WARN_ABOUT_RETURN_TYPE = YES_ERROR;
				GCC_WARN_UNDECLARED_SELECTOR = YES;
				GCC_WARN_UNINITIALIZED_AUTOS = YES_AGGRESSIVE;
				GCC_WARN_UNUSED_FUNCTION = YES;
				GCC_WARN_UNUSED_VARIABLE = YES;
				IPHONEOS_DEPLOYMENT_TARGET = 14.5;
				MTL_ENABLE_DEBUG_INFO = INCLUDE_SOURCE;
				MTL_FAST_MATH = YES;
				ONLY_ACTIVE_ARCH = YES;
				SDKROOT = iphoneos;
				SWIFT_ACTIVE_COMPILATION_CONDITIONS = DEBUG;
				SWIFT_OPTIMIZATION_LEVEL = "-Onone";
			};
			name = Debug;
		};
		85417DEB27303089003F59CF /* Release */ = {
			isa = XCBuildConfiguration;
			buildSettings = {
				ALWAYS_SEARCH_USER_PATHS = NO;
				CLANG_ANALYZER_NONNULL = YES;
				CLANG_ANALYZER_NUMBER_OBJECT_CONVERSION = YES_AGGRESSIVE;
				CLANG_CXX_LANGUAGE_STANDARD = "gnu++14";
				CLANG_CXX_LIBRARY = "libc++";
				CLANG_ENABLE_MODULES = YES;
				CLANG_ENABLE_OBJC_ARC = YES;
				CLANG_ENABLE_OBJC_WEAK = YES;
				CLANG_WARN_BLOCK_CAPTURE_AUTORELEASING = YES;
				CLANG_WARN_BOOL_CONVERSION = YES;
				CLANG_WARN_COMMA = YES;
				CLANG_WARN_CONSTANT_CONVERSION = YES;
				CLANG_WARN_DEPRECATED_OBJC_IMPLEMENTATIONS = YES;
				CLANG_WARN_DIRECT_OBJC_ISA_USAGE = YES_ERROR;
				CLANG_WARN_DOCUMENTATION_COMMENTS = YES;
				CLANG_WARN_EMPTY_BODY = YES;
				CLANG_WARN_ENUM_CONVERSION = YES;
				CLANG_WARN_INFINITE_RECURSION = YES;
				CLANG_WARN_INT_CONVERSION = YES;
				CLANG_WARN_NON_LITERAL_NULL_CONVERSION = YES;
				CLANG_WARN_OBJC_IMPLICIT_RETAIN_SELF = YES;
				CLANG_WARN_OBJC_LITERAL_CONVERSION = YES;
				CLANG_WARN_OBJC_ROOT_CLASS = YES_ERROR;
				CLANG_WARN_QUOTED_INCLUDE_IN_FRAMEWORK_HEADER = YES;
				CLANG_WARN_RANGE_LOOP_ANALYSIS = YES;
				CLANG_WARN_STRICT_PROTOTYPES = YES;
				CLANG_WARN_SUSPICIOUS_MOVE = YES;
				CLANG_WARN_UNGUARDED_AVAILABILITY = YES_AGGRESSIVE;
				CLANG_WARN_UNREACHABLE_CODE = YES;
				CLANG_WARN__DUPLICATE_METHOD_MATCH = YES;
				COPY_PHASE_STRIP = NO;
				DEBUG_INFORMATION_FORMAT = "dwarf-with-dsym";
				ENABLE_NS_ASSERTIONS = NO;
				ENABLE_STRICT_OBJC_MSGSEND = YES;
				GCC_C_LANGUAGE_STANDARD = gnu11;
				GCC_NO_COMMON_BLOCKS = YES;
				GCC_WARN_64_TO_32_BIT_CONVERSION = YES;
				GCC_WARN_ABOUT_RETURN_TYPE = YES_ERROR;
				GCC_WARN_UNDECLARED_SELECTOR = YES;
				GCC_WARN_UNINITIALIZED_AUTOS = YES_AGGRESSIVE;
				GCC_WARN_UNUSED_FUNCTION = YES;
				GCC_WARN_UNUSED_VARIABLE = YES;
				IPHONEOS_DEPLOYMENT_TARGET = 14.5;
				MTL_ENABLE_DEBUG_INFO = NO;
				MTL_FAST_MATH = YES;
				SDKROOT = iphoneos;
				SWIFT_COMPILATION_MODE = wholemodule;
				SWIFT_OPTIMIZATION_LEVEL = "-O";
				VALIDATE_PRODUCT = YES;
			};
			name = Release;
		};
		85417DED27303089003F59CF /* Debug */ = {
			isa = XCBuildConfiguration;
			baseConfigurationReference = D70E04CEDFD44276B9ABC8D5 /* Pods-Lost&Found.debug.xcconfig */;
			buildSettings = {
				ASSETCATALOG_COMPILER_APPICON_NAME = AppIcon;
				ASSETCATALOG_COMPILER_GLOBAL_ACCENT_COLOR_NAME = AccentColor;
				CODE_SIGN_STYLE = Automatic;
				DEVELOPMENT_TEAM = QX7NM37CF4;
				INFOPLIST_FILE = "Lost&Found/Info.plist";
				LD_RUNPATH_SEARCH_PATHS = (
					"$(inherited)",
					"@executable_path/Frameworks",
				);
				PRODUCT_BUNDLE_IDENTIFIER = "MMC.Lost-Found";
				PRODUCT_NAME = "$(TARGET_NAME)";
				SWIFT_VERSION = 5.0;
				TARGETED_DEVICE_FAMILY = "1,2";
			};
			name = Debug;
		};
		85417DEE27303089003F59CF /* Release */ = {
			isa = XCBuildConfiguration;
			baseConfigurationReference = 529CEEBDAAC68DB7828346E5 /* Pods-Lost&Found.release.xcconfig */;
			buildSettings = {
				ASSETCATALOG_COMPILER_APPICON_NAME = AppIcon;
				ASSETCATALOG_COMPILER_GLOBAL_ACCENT_COLOR_NAME = AccentColor;
				CODE_SIGN_STYLE = Automatic;
				DEVELOPMENT_TEAM = QX7NM37CF4;
				INFOPLIST_FILE = "Lost&Found/Info.plist";
				LD_RUNPATH_SEARCH_PATHS = (
					"$(inherited)",
					"@executable_path/Frameworks",
				);
				PRODUCT_BUNDLE_IDENTIFIER = "MMC.Lost-Found";
				PRODUCT_NAME = "$(TARGET_NAME)";
				SWIFT_VERSION = 5.0;
				TARGETED_DEVICE_FAMILY = "1,2";
			};
			name = Release;
		};
/* End XCBuildConfiguration section */

/* Begin XCConfigurationList section */
		85417DD027303087003F59CF /* Build configuration list for PBXProject "Lost&Found" */ = {
			isa = XCConfigurationList;
			buildConfigurations = (
				85417DEA27303089003F59CF /* Debug */,
				85417DEB27303089003F59CF /* Release */,
			);
			defaultConfigurationIsVisible = 0;
			defaultConfigurationName = Release;
		};
		85417DEC27303089003F59CF /* Build configuration list for PBXNativeTarget "Lost&Found" */ = {
			isa = XCConfigurationList;
			buildConfigurations = (
				85417DED27303089003F59CF /* Debug */,
				85417DEE27303089003F59CF /* Release */,
			);
			defaultConfigurationIsVisible = 0;
			defaultConfigurationName = Release;
		};
/* End XCConfigurationList section */

/* Begin XCVersionGroup section */
		85417DE127303088003F59CF /* Lost_Found.xcdatamodeld */ = {
			isa = XCVersionGroup;
			children = (
				85417DE227303088003F59CF /* Lost_Found.xcdatamodel */,
			);
			currentVersion = 85417DE227303088003F59CF /* Lost_Found.xcdatamodel */;
			path = Lost_Found.xcdatamodeld;
			sourceTree = "<group>";
			versionGroupType = wrapper.xcdatamodel;
		};
/* End XCVersionGroup section */
	};
	rootObject = 85417DCD27303087003F59CF /* Project object */;
}
