// !$*UTF8*$!
{
	archiveVersion = 1;
	classes = {
	};
	objectVersion = 51;
	objects = {

/* Begin PBXBuildFile section */
		850FBD56275AD394005DF862 /* GPSController.swift in Sources */ = {isa = PBXBuildFile; fileRef = 850FBD55275AD394005DF862 /* GPSController.swift */; };
		850FBD58275AD997005DF862 /* PlacesViewController.swift in Sources */ = {isa = PBXBuildFile; fileRef = 850FBD57275AD997005DF862 /* PlacesViewController.swift */; };
		851AB3A6273FDAA1005606AC /* MotDePasseOublieController.swift in Sources */ = {isa = PBXBuildFile; fileRef = 851AB3A5273FDAA1005606AC /* MotDePasseOublieController.swift */; };
		851AB3AA274017E9005606AC /* DesignUi.swift in Sources */ = {isa = PBXBuildFile; fileRef = 851AB3A9274017E9005606AC /* DesignUi.swift */; };
		851AB3AC27402EC4005606AC /* ProfileController.swift in Sources */ = {isa = PBXBuildFile; fileRef = 851AB3AB27402EC4005606AC /* ProfileController.swift */; };
		851AB3AE27402ED3005606AC /* AssociationsController.swift in Sources */ = {isa = PBXBuildFile; fileRef = 851AB3AD27402ED3005606AC /* AssociationsController.swift */; };
		851AB3B227402EEA005606AC /* LostAndFoundController.swift in Sources */ = {isa = PBXBuildFile; fileRef = 851AB3B127402EEA005606AC /* LostAndFoundController.swift */; };
		851AB3B427410C2D005606AC /* MySubclassedTabBarController.swift in Sources */ = {isa = PBXBuildFile; fileRef = 851AB3B327410C2D005606AC /* MySubclassedTabBarController.swift */; };
		851AB3B7274142B9005606AC /* UserService.swift in Sources */ = {isa = PBXBuildFile; fileRef = 851AB3B6274142B9005606AC /* UserService.swift */; };
		851AB3BC2741920B005606AC /* Utilis.swift in Sources */ = {isa = PBXBuildFile; fileRef = 851AB3BB2741920B005606AC /* Utilis.swift */; };
		853D8AFF27680091009CF076 /* MyStuff.swift in Sources */ = {isa = PBXBuildFile; fileRef = 853D8AFE27680091009CF076 /* MyStuff.swift */; };
		85417DD927303088003F59CF /* AppDelegate.swift in Sources */ = {isa = PBXBuildFile; fileRef = 85417DD827303088003F59CF /* AppDelegate.swift */; };
		85417DDB27303088003F59CF /* SceneDelegate.swift in Sources */ = {isa = PBXBuildFile; fileRef = 85417DDA27303088003F59CF /* SceneDelegate.swift */; };
		85417DDD27303088003F59CF /* ConnexionController.swift in Sources */ = {isa = PBXBuildFile; fileRef = 85417DDC27303088003F59CF /* ConnexionController.swift */; };
		85417DE027303088003F59CF /* Main.storyboard in Resources */ = {isa = PBXBuildFile; fileRef = 85417DDE27303088003F59CF /* Main.storyboard */; };
		85417DE327303088003F59CF /* Lost_Found.xcdatamodeld in Sources */ = {isa = PBXBuildFile; fileRef = 85417DE127303088003F59CF /* Lost_Found.xcdatamodeld */; };
		85417DE527303089003F59CF /* Assets.xcassets in Resources */ = {isa = PBXBuildFile; fileRef = 85417DE427303089003F59CF /* Assets.xcassets */; };
		85417DE827303089003F59CF /* LaunchScreen.storyboard in Resources */ = {isa = PBXBuildFile; fileRef = 85417DE627303089003F59CF /* LaunchScreen.storyboard */; };
		85428DF0277CCD7E004C783B /* QuestionReponseService.swift in Sources */ = {isa = PBXBuildFile; fileRef = 85428DEF277CCD7E004C783B /* QuestionReponseService.swift */; };
		85428DF2277CCFB6004C783B /* AjoutQuestionController.swift in Sources */ = {isa = PBXBuildFile; fileRef = 85428DF1277CCFB6004C783B /* AjoutQuestionController.swift */; };
		85428DF4277CD226004C783B /* Question.swift in Sources */ = {isa = PBXBuildFile; fileRef = 85428DF3277CD226004C783B /* Question.swift */; };
		8549F2E9276F7F0300A699E7 /* verificationCodeController.swift in Sources */ = {isa = PBXBuildFile; fileRef = 8549F2E8276F7F0300A699E7 /* verificationCodeController.swift */; };
		8549F2EB276FDD2300A699E7 /* DetailMyStuffController.swift in Sources */ = {isa = PBXBuildFile; fileRef = 8549F2EA276FDD2300A699E7 /* DetailMyStuffController.swift */; };
		855A9EF0275F5E9E00EBBBD5 /* ResetPassController.swift in Sources */ = {isa = PBXBuildFile; fileRef = 855A9EEF275F5E9E00EBBBD5 /* ResetPassController.swift */; };
		855C5A22274BFA3300906DE1 /* ArticleService.swift in Sources */ = {isa = PBXBuildFile; fileRef = 855C5A21274BFA3300906DE1 /* ArticleService.swift */; };
		855C5A24274BFCEF00906DE1 /* ModifierProfilController.swift in Sources */ = {isa = PBXBuildFile; fileRef = 855C5A23274BFCEF00906DE1 /* ModifierProfilController.swift */; };
		85615CC5277F3849002A0150 /* Reponse.swift in Sources */ = {isa = PBXBuildFile; fileRef = 85615CC4277F3849002A0150 /* Reponse.swift */; };
		856260C12764C48600633D15 /* SendBirdApi.swift in Sources */ = {isa = PBXBuildFile; fileRef = 856260C02764C48600633D15 /* SendBirdApi.swift */; };
		856459BA27C4F4030040459C /* MyAuthorizationAppleIDButton.swift in Sources */ = {isa = PBXBuildFile; fileRef = 856459B927C4F4030040459C /* MyAuthorizationAppleIDButton.swift */; };
		8574341927809F5900C5FE7A /* reponsesController.swift in Sources */ = {isa = PBXBuildFile; fileRef = 8574341827809F5900C5FE7A /* reponsesController.swift */; };
		85749BEA2750670400167934 /* AjouterArticleController.swift in Sources */ = {isa = PBXBuildFile; fileRef = 85749BE92750670400167934 /* AjouterArticleController.swift */; };
		85749BEC2752DEC900167934 /* DetailArticleController.swift in Sources */ = {isa = PBXBuildFile; fileRef = 85749BEB2752DEC800167934 /* DetailArticleController.swift */; };
		85749BEE2754E25600167934 /* OptionsController.swift in Sources */ = {isa = PBXBuildFile; fileRef = 85749BED2754E25600167934 /* OptionsController.swift */; };
		85749BF027582BB400167934 /* ContactProfilController.swift in Sources */ = {isa = PBXBuildFile; fileRef = 85749BEF27582BB300167934 /* ContactProfilController.swift */; };
		8596894327B409F0001D789F /* Onboarding.storyboard in Resources */ = {isa = PBXBuildFile; fileRef = 8596894227B409F0001D789F /* Onboarding.storyboard */; };
		85B223F2275AA041003D6553 /* GoogleMapsHelper.swift in Sources */ = {isa = PBXBuildFile; fileRef = 85B223F1275AA040003D6553 /* GoogleMapsHelper.swift */; };
		85B5B729273E986C0079E2FE /* User.swift in Sources */ = {isa = PBXBuildFile; fileRef = 85B5B728273E986C0079E2FE /* User.swift */; };
		85B5B72D273E993E0079E2FE /* CreateAccount.swift in Sources */ = {isa = PBXBuildFile; fileRef = 85B5B72C273E993E0079E2FE /* CreateAccount.swift */; };
		85B745DB274EC77000B18E4F /* Article.swift in Sources */ = {isa = PBXBuildFile; fileRef = 85B745DA274EC76F00B18E4F /* Article.swift */; };
		85E9B1DF2762C7C400FB94F7 /* ChannelListViewController.swift in Sources */ = {isa = PBXBuildFile; fileRef = 85E9B1DE2762C7C400FB94F7 /* ChannelListViewController.swift */; };
		85E9B1E32762D0DE00FB94F7 /* MessagerieController.swift in Sources */ = {isa = PBXBuildFile; fileRef = 85E9B1E22762D0DE00FB94F7 /* MessagerieController.swift */; };
		85FA8B4C27C9AB1B00938D85 /* privacyViewController.swift in Sources */ = {isa = PBXBuildFile; fileRef = 85FA8B4B27C9AB1B00938D85 /* privacyViewController.swift */; };
		BC96FD28CFBAF101A7304512 /* Pods_Lost_Found.framework in Frameworks */ = {isa = PBXBuildFile; fileRef = 7F135FA2E3D8411076DCF0FF /* Pods_Lost_Found.framework */; };
/* End PBXBuildFile section */

/* Begin PBXFileReference section */
		37C094B492512844F872D455 /* Pods-Lost&Found.debug.xcconfig */ = {isa = PBXFileReference; includeInIndex = 1; lastKnownFileType = text.xcconfig; name = "Pods-Lost&Found.debug.xcconfig"; path = "Target Support Files/Pods-Lost&Found/Pods-Lost&Found.debug.xcconfig"; sourceTree = "<group>"; };
		766F6269280CEBFF318E44FF /* Pods-Lost&Found.release.xcconfig */ = {isa = PBXFileReference; includeInIndex = 1; lastKnownFileType = text.xcconfig; name = "Pods-Lost&Found.release.xcconfig"; path = "Target Support Files/Pods-Lost&Found/Pods-Lost&Found.release.xcconfig"; sourceTree = "<group>"; };
		7F135FA2E3D8411076DCF0FF /* Pods_Lost_Found.framework */ = {isa = PBXFileReference; explicitFileType = wrapper.framework; includeInIndex = 0; path = Pods_Lost_Found.framework; sourceTree = BUILT_PRODUCTS_DIR; };
		850FBD55275AD394005DF862 /* GPSController.swift */ = {isa = PBXFileReference; lastKnownFileType = sourcecode.swift; path = GPSController.swift; sourceTree = "<group>"; };
		850FBD57275AD997005DF862 /* PlacesViewController.swift */ = {isa = PBXFileReference; lastKnownFileType = sourcecode.swift; path = PlacesViewController.swift; sourceTree = "<group>"; };
		851AB3A5273FDAA1005606AC /* MotDePasseOublieController.swift */ = {isa = PBXFileReference; lastKnownFileType = sourcecode.swift; path = MotDePasseOublieController.swift; sourceTree = "<group>"; };
		851AB3A9274017E9005606AC /* DesignUi.swift */ = {isa = PBXFileReference; lastKnownFileType = sourcecode.swift; path = DesignUi.swift; sourceTree = "<group>"; };
		851AB3AB27402EC4005606AC /* ProfileController.swift */ = {isa = PBXFileReference; lastKnownFileType = sourcecode.swift; path = ProfileController.swift; sourceTree = "<group>"; };
		851AB3AD27402ED3005606AC /* AssociationsController.swift */ = {isa = PBXFileReference; lastKnownFileType = sourcecode.swift; path = AssociationsController.swift; sourceTree = "<group>"; };
		851AB3B127402EEA005606AC /* LostAndFoundController.swift */ = {isa = PBXFileReference; lastKnownFileType = sourcecode.swift; path = LostAndFoundController.swift; sourceTree = "<group>"; };
		851AB3B327410C2D005606AC /* MySubclassedTabBarController.swift */ = {isa = PBXFileReference; lastKnownFileType = sourcecode.swift; path = MySubclassedTabBarController.swift; sourceTree = "<group>"; };
		851AB3B6274142B9005606AC /* UserService.swift */ = {isa = PBXFileReference; lastKnownFileType = sourcecode.swift; path = UserService.swift; sourceTree = "<group>"; };
		851AB3BB2741920B005606AC /* Utilis.swift */ = {isa = PBXFileReference; lastKnownFileType = sourcecode.swift; path = Utilis.swift; sourceTree = "<group>"; };
		853D8AFE27680091009CF076 /* MyStuff.swift */ = {isa = PBXFileReference; lastKnownFileType = sourcecode.swift; path = MyStuff.swift; sourceTree = "<group>"; };
		85417DD527303088003F59CF /* Lost&Found.app */ = {isa = PBXFileReference; explicitFileType = wrapper.application; includeInIndex = 0; path = "Lost&Found.app"; sourceTree = BUILT_PRODUCTS_DIR; };
		85417DD827303088003F59CF /* AppDelegate.swift */ = {isa = PBXFileReference; lastKnownFileType = sourcecode.swift; path = AppDelegate.swift; sourceTree = "<group>"; };
		85417DDA27303088003F59CF /* SceneDelegate.swift */ = {isa = PBXFileReference; lastKnownFileType = sourcecode.swift; path = SceneDelegate.swift; sourceTree = "<group>"; };
		85417DDC27303088003F59CF /* ConnexionController.swift */ = {isa = PBXFileReference; lastKnownFileType = sourcecode.swift; path = ConnexionController.swift; sourceTree = "<group>"; };
		85417DDF27303088003F59CF /* Base */ = {isa = PBXFileReference; lastKnownFileType = file.storyboard; name = Base; path = Base.lproj/Main.storyboard; sourceTree = "<group>"; };
		85417DE227303088003F59CF /* Lost_Found.xcdatamodel */ = {isa = PBXFileReference; lastKnownFileType = wrapper.xcdatamodel; path = Lost_Found.xcdatamodel; sourceTree = "<group>"; };
		85417DE427303089003F59CF /* Assets.xcassets */ = {isa = PBXFileReference; lastKnownFileType = folder.assetcatalog; path = Assets.xcassets; sourceTree = "<group>"; };
		85417DE727303089003F59CF /* Base */ = {isa = PBXFileReference; lastKnownFileType = file.storyboard; name = Base; path = Base.lproj/LaunchScreen.storyboard; sourceTree = "<group>"; };
		85417DE927303089003F59CF /* Info.plist */ = {isa = PBXFileReference; lastKnownFileType = text.plist.xml; path = Info.plist; sourceTree = "<group>"; };
		85428DEF277CCD7E004C783B /* QuestionReponseService.swift */ = {isa = PBXFileReference; lastKnownFileType = sourcecode.swift; path = QuestionReponseService.swift; sourceTree = "<group>"; };
		85428DF1277CCFB6004C783B /* AjoutQuestionController.swift */ = {isa = PBXFileReference; lastKnownFileType = sourcecode.swift; path = AjoutQuestionController.swift; sourceTree = "<group>"; };
		85428DF3277CD226004C783B /* Question.swift */ = {isa = PBXFileReference; lastKnownFileType = sourcecode.swift; path = Question.swift; sourceTree = "<group>"; };
		8549F2E8276F7F0300A699E7 /* verificationCodeController.swift */ = {isa = PBXFileReference; lastKnownFileType = sourcecode.swift; path = verificationCodeController.swift; sourceTree = "<group>"; };
		8549F2EA276FDD2300A699E7 /* DetailMyStuffController.swift */ = {isa = PBXFileReference; lastKnownFileType = sourcecode.swift; path = DetailMyStuffController.swift; sourceTree = "<group>"; };
		855A9EEF275F5E9E00EBBBD5 /* ResetPassController.swift */ = {isa = PBXFileReference; lastKnownFileType = sourcecode.swift; path = ResetPassController.swift; sourceTree = "<group>"; };
		855C5A21274BFA3300906DE1 /* ArticleService.swift */ = {isa = PBXFileReference; lastKnownFileType = sourcecode.swift; path = ArticleService.swift; sourceTree = "<group>"; };
		855C5A23274BFCEF00906DE1 /* ModifierProfilController.swift */ = {isa = PBXFileReference; lastKnownFileType = sourcecode.swift; path = ModifierProfilController.swift; sourceTree = "<group>"; };
		85615CC4277F3849002A0150 /* Reponse.swift */ = {isa = PBXFileReference; lastKnownFileType = sourcecode.swift; path = Reponse.swift; sourceTree = "<group>"; };
		856260C02764C48600633D15 /* SendBirdApi.swift */ = {isa = PBXFileReference; lastKnownFileType = sourcecode.swift; path = SendBirdApi.swift; sourceTree = "<group>"; };
		856459B827C2DDFF0040459C /* Lost&Found.entitlements */ = {isa = PBXFileReference; lastKnownFileType = text.plist.entitlements; path = "Lost&Found.entitlements"; sourceTree = "<group>"; };
		856459B927C4F4030040459C /* MyAuthorizationAppleIDButton.swift */ = {isa = PBXFileReference; lastKnownFileType = sourcecode.swift; path = MyAuthorizationAppleIDButton.swift; sourceTree = "<group>"; };
		8574341827809F5900C5FE7A /* reponsesController.swift */ = {isa = PBXFileReference; lastKnownFileType = sourcecode.swift; path = reponsesController.swift; sourceTree = "<group>"; };
		85749BE92750670400167934 /* AjouterArticleController.swift */ = {isa = PBXFileReference; lastKnownFileType = sourcecode.swift; path = AjouterArticleController.swift; sourceTree = "<group>"; };
		85749BEB2752DEC800167934 /* DetailArticleController.swift */ = {isa = PBXFileReference; lastKnownFileType = sourcecode.swift; path = DetailArticleController.swift; sourceTree = "<group>"; };
		85749BED2754E25600167934 /* OptionsController.swift */ = {isa = PBXFileReference; lastKnownFileType = sourcecode.swift; path = OptionsController.swift; sourceTree = "<group>"; };
		85749BEF27582BB300167934 /* ContactProfilController.swift */ = {isa = PBXFileReference; lastKnownFileType = sourcecode.swift; path = ContactProfilController.swift; sourceTree = "<group>"; };
		8596894227B409F0001D789F /* Onboarding.storyboard */ = {isa = PBXFileReference; lastKnownFileType = file.storyboard; path = Onboarding.storyboard; sourceTree = "<group>"; };
		85B223F1275AA040003D6553 /* GoogleMapsHelper.swift */ = {isa = PBXFileReference; fileEncoding = 4; lastKnownFileType = sourcecode.swift; path = GoogleMapsHelper.swift; sourceTree = "<group>"; };
		85B5B728273E986C0079E2FE /* User.swift */ = {isa = PBXFileReference; lastKnownFileType = sourcecode.swift; path = User.swift; sourceTree = "<group>"; };
		85B5B72C273E993E0079E2FE /* CreateAccount.swift */ = {isa = PBXFileReference; lastKnownFileType = sourcecode.swift; path = CreateAccount.swift; sourceTree = "<group>"; };
		85B745DA274EC76F00B18E4F /* Article.swift */ = {isa = PBXFileReference; lastKnownFileType = sourcecode.swift; path = Article.swift; sourceTree = "<group>"; };
		85E9B1DE2762C7C400FB94F7 /* ChannelListViewController.swift */ = {isa = PBXFileReference; lastKnownFileType = sourcecode.swift; path = ChannelListViewController.swift; sourceTree = "<group>"; };
		85E9B1E22762D0DE00FB94F7 /* MessagerieController.swift */ = {isa = PBXFileReference; lastKnownFileType = sourcecode.swift; path = MessagerieController.swift; sourceTree = "<group>"; };
		85FA8B4B27C9AB1B00938D85 /* privacyViewController.swift */ = {isa = PBXFileReference; lastKnownFileType = sourcecode.swift; path = privacyViewController.swift; sourceTree = "<group>"; };
/* End PBXFileReference section */

/* Begin PBXFrameworksBuildPhase section */
		85417DD227303088003F59CF /* Frameworks */ = {
			isa = PBXFrameworksBuildPhase;
			buildActionMask = 2147483647;
			files = (
				BC96FD28CFBAF101A7304512 /* Pods_Lost_Found.framework in Frameworks */,
			);
			runOnlyForDeploymentPostprocessing = 0;
		};
/* End PBXFrameworksBuildPhase section */

/* Begin PBXGroup section */
		851AB3A8274017CE005606AC /* Design */ = {
			isa = PBXGroup;
			children = (
				851AB3A9274017E9005606AC /* DesignUi.swift */,
			);
			path = Design;
			sourceTree = "<group>";
		};
		851AB3B5274142A5005606AC /* ModelView */ = {
			isa = PBXGroup;
			children = (
				85B223F1275AA040003D6553 /* GoogleMapsHelper.swift */,
				851AB3B6274142B9005606AC /* UserService.swift */,
				851AB3BB2741920B005606AC /* Utilis.swift */,
				855C5A21274BFA3300906DE1 /* ArticleService.swift */,
				856260C02764C48600633D15 /* SendBirdApi.swift */,
				85428DEF277CCD7E004C783B /* QuestionReponseService.swift */,
				856459B927C4F4030040459C /* MyAuthorizationAppleIDButton.swift */,
			);
			path = ModelView;
			sourceTree = "<group>";
		};
		85417DCC27303087003F59CF = {
			isa = PBXGroup;
			children = (
				8596894227B409F0001D789F /* Onboarding.storyboard */,
				85417DD727303088003F59CF /* Lost&Found */,
				85417DD627303088003F59CF /* Products */,
				DAB7420912F5C635BBD8456E /* Pods */,
				C8C57B237994216A470BE369 /* Frameworks */,
			);
			sourceTree = "<group>";
		};
		85417DD627303088003F59CF /* Products */ = {
			isa = PBXGroup;
			children = (
				85417DD527303088003F59CF /* Lost&Found.app */,
			);
			name = Products;
			sourceTree = "<group>";
		};
		85417DD727303088003F59CF /* Lost&Found */ = {
			isa = PBXGroup;
			children = (
				856459B827C2DDFF0040459C /* Lost&Found.entitlements */,
				851AB3B5274142A5005606AC /* ModelView */,
				851AB3A8274017CE005606AC /* Design */,
				85B5B72B273E98830079E2FE /* ViewController */,
				85B5B727273E979B0079E2FE /* Models */,
				85417DD827303088003F59CF /* AppDelegate.swift */,
				85417DDA27303088003F59CF /* SceneDelegate.swift */,
				85417DDE27303088003F59CF /* Main.storyboard */,
				85417DE427303089003F59CF /* Assets.xcassets */,
				85417DE627303089003F59CF /* LaunchScreen.storyboard */,
				85417DE927303089003F59CF /* Info.plist */,
				85417DE127303088003F59CF /* Lost_Found.xcdatamodeld */,
			);
			path = "Lost&Found";
			sourceTree = "<group>";
		};
		85B5B727273E979B0079E2FE /* Models */ = {
			isa = PBXGroup;
			children = (
				85B5B728273E986C0079E2FE /* User.swift */,
				85B745DA274EC76F00B18E4F /* Article.swift */,
				85428DF3277CD226004C783B /* Question.swift */,
				85615CC4277F3849002A0150 /* Reponse.swift */,
			);
			path = Models;
			sourceTree = "<group>";
		};
		85B5B72B273E98830079E2FE /* ViewController */ = {
			isa = PBXGroup;
			children = (
				85417DDC27303088003F59CF /* ConnexionController.swift */,
				85B5B72C273E993E0079E2FE /* CreateAccount.swift */,
				851AB3A5273FDAA1005606AC /* MotDePasseOublieController.swift */,
				851AB3AD27402ED3005606AC /* AssociationsController.swift */,
				851AB3AB27402EC4005606AC /* ProfileController.swift */,
				851AB3B127402EEA005606AC /* LostAndFoundController.swift */,
				851AB3B327410C2D005606AC /* MySubclassedTabBarController.swift */,
				855C5A23274BFCEF00906DE1 /* ModifierProfilController.swift */,
				85749BE92750670400167934 /* AjouterArticleController.swift */,
				85749BEB2752DEC800167934 /* DetailArticleController.swift */,
				85749BED2754E25600167934 /* OptionsController.swift */,
				85749BEF27582BB300167934 /* ContactProfilController.swift */,
				850FBD55275AD394005DF862 /* GPSController.swift */,
				850FBD57275AD997005DF862 /* PlacesViewController.swift */,
				855A9EEF275F5E9E00EBBBD5 /* ResetPassController.swift */,
				85E9B1DE2762C7C400FB94F7 /* ChannelListViewController.swift */,
				85E9B1E22762D0DE00FB94F7 /* MessagerieController.swift */,
				853D8AFE27680091009CF076 /* MyStuff.swift */,
				8549F2E8276F7F0300A699E7 /* verificationCodeController.swift */,
				8549F2EA276FDD2300A699E7 /* DetailMyStuffController.swift */,
				85428DF1277CCFB6004C783B /* AjoutQuestionController.swift */,
				8574341827809F5900C5FE7A /* reponsesController.swift */,
				85FA8B4B27C9AB1B00938D85 /* privacyViewController.swift */,
			);
			path = ViewController;
			sourceTree = "<group>";
		};
		C8C57B237994216A470BE369 /* Frameworks */ = {
			isa = PBXGroup;
			children = (
				7F135FA2E3D8411076DCF0FF /* Pods_Lost_Found.framework */,
			);
			name = Frameworks;
			sourceTree = "<group>";
		};
		DAB7420912F5C635BBD8456E /* Pods */ = {
			isa = PBXGroup;
			children = (
				37C094B492512844F872D455 /* Pods-Lost&Found.debug.xcconfig */,
				766F6269280CEBFF318E44FF /* Pods-Lost&Found.release.xcconfig */,
			);
			path = Pods;
			sourceTree = "<group>";
		};
/* End PBXGroup section */

/* Begin PBXNativeTarget section */
		85417DD427303088003F59CF /* Lost&Found */ = {
			isa = PBXNativeTarget;
			buildConfigurationList = 85417DEC27303089003F59CF /* Build configuration list for PBXNativeTarget "Lost&Found" */;
			buildPhases = (
				CEC647EDE14E9D39B0AE5A4A /* [CP] Check Pods Manifest.lock */,
				85417DD127303088003F59CF /* Sources */,
				85417DD227303088003F59CF /* Frameworks */,
				85417DD327303088003F59CF /* Resources */,
				0FEE1B673256C96E028BFC5C /* [CP] Embed Pods Frameworks */,
				DEAB53089E4EDBBAFBD9F730 /* [CP] Copy Pods Resources */,
			);
			buildRules = (
			);
			dependencies = (
			);
			name = "Lost&Found";
			productName = "Lost&Found";
			productReference = 85417DD527303088003F59CF /* Lost&Found.app */;
			productType = "com.apple.product-type.application";
		};
/* End PBXNativeTarget section */

/* Begin PBXProject section */
		85417DCD27303087003F59CF /* Project object */ = {
			isa = PBXProject;
			attributes = {
				LastSwiftUpdateCheck = 1250;
				LastUpgradeCheck = 1250;
				TargetAttributes = {
					85417DD427303088003F59CF = {
						CreatedOnToolsVersion = 12.5.1;
					};
				};
			};
			buildConfigurationList = 85417DD027303087003F59CF /* Build configuration list for PBXProject "Lost&Found" */;
			compatibilityVersion = "Xcode 9.3";
			developmentRegion = en;
			hasScannedForEncodings = 0;
			knownRegions = (
				en,
				Base,
			);
			mainGroup = 85417DCC27303087003F59CF;
			productRefGroup = 85417DD627303088003F59CF /* Products */;
			projectDirPath = "";
			projectRoot = "";
			targets = (
				85417DD427303088003F59CF /* Lost&Found */,
			);
		};
/* End PBXProject section */

/* Begin PBXResourcesBuildPhase section */
		85417DD327303088003F59CF /* Resources */ = {
			isa = PBXResourcesBuildPhase;
			buildActionMask = 2147483647;
			files = (
				85417DE827303089003F59CF /* LaunchScreen.storyboard in Resources */,
				85417DE527303089003F59CF /* Assets.xcassets in Resources */,
				85417DE027303088003F59CF /* Main.storyboard in Resources */,
				8596894327B409F0001D789F /* Onboarding.storyboard in Resources */,
			);
			runOnlyForDeploymentPostprocessing = 0;
		};
/* End PBXResourcesBuildPhase section */

/* Begin PBXShellScriptBuildPhase section */
		0FEE1B673256C96E028BFC5C /* [CP] Embed Pods Frameworks */ = {
			isa = PBXShellScriptBuildPhase;
			buildActionMask = 2147483647;
			files = (
			);
			inputFileListPaths = (
				"${PODS_ROOT}/Target Support Files/Pods-Lost&Found/Pods-Lost&Found-frameworks-${CONFIGURATION}-input-files.xcfilelist",
			);
			name = "[CP] Embed Pods Frameworks";
			outputFileListPaths = (
				"${PODS_ROOT}/Target Support Files/Pods-Lost&Found/Pods-Lost&Found-frameworks-${CONFIGURATION}-output-files.xcfilelist",
			);
			runOnlyForDeploymentPostprocessing = 0;
			shellPath = /bin/sh;
			shellScript = "\"${PODS_ROOT}/Target Support Files/Pods-Lost&Found/Pods-Lost&Found-frameworks.sh\"\n";
			showEnvVarsInLog = 0;
		};
		CEC647EDE14E9D39B0AE5A4A /* [CP] Check Pods Manifest.lock */ = {
			isa = PBXShellScriptBuildPhase;
			buildActionMask = 2147483647;
			files = (
			);
			inputFileListPaths = (
			);
			inputPaths = (
				"${PODS_PODFILE_DIR_PATH}/Podfile.lock",
				"${PODS_ROOT}/Manifest.lock",
			);
			name = "[CP] Check Pods Manifest.lock";
			outputFileListPaths = (
			);
			outputPaths = (
				"$(DERIVED_FILE_DIR)/Pods-Lost&Found-checkManifestLockResult.txt",
			);
			runOnlyForDeploymentPostprocessing = 0;
			shellPath = /bin/sh;
			shellScript = "diff \"${PODS_PODFILE_DIR_PATH}/Podfile.lock\" \"${PODS_ROOT}/Manifest.lock\" > /dev/null\nif [ $? != 0 ] ; then\n    # print error to STDERR\n    echo \"error: The sandbox is not in sync with the Podfile.lock. Run 'pod install' or update your CocoaPods installation.\" >&2\n    exit 1\nfi\n# This output is used by Xcode 'outputs' to avoid re-running this script phase.\necho \"SUCCESS\" > \"${SCRIPT_OUTPUT_FILE_0}\"\n";
			showEnvVarsInLog = 0;
		};
		DEAB53089E4EDBBAFBD9F730 /* [CP] Copy Pods Resources */ = {
			isa = PBXShellScriptBuildPhase;
			buildActionMask = 2147483647;
			files = (
			);
			inputFileListPaths = (
				"${PODS_ROOT}/Target Support Files/Pods-Lost&Found/Pods-Lost&Found-resources-${CONFIGURATION}-input-files.xcfilelist",
			);
			name = "[CP] Copy Pods Resources";
			outputFileListPaths = (
				"${PODS_ROOT}/Target Support Files/Pods-Lost&Found/Pods-Lost&Found-resources-${CONFIGURATION}-output-files.xcfilelist",
			);
			runOnlyForDeploymentPostprocessing = 0;
			shellPath = /bin/sh;
			shellScript = "\"${PODS_ROOT}/Target Support Files/Pods-Lost&Found/Pods-Lost&Found-resources.sh\"\n";
			showEnvVarsInLog = 0;
		};
/* End PBXShellScriptBuildPhase section */

/* Begin PBXSourcesBuildPhase section */
		85417DD127303088003F59CF /* Sources */ = {
			isa = PBXSourcesBuildPhase;
			buildActionMask = 2147483647;
			files = (
				85E9B1DF2762C7C400FB94F7 /* ChannelListViewController.swift in Sources */,
				85615CC5277F3849002A0150 /* Reponse.swift in Sources */,
				851AB3BC2741920B005606AC /* Utilis.swift in Sources */,
				85FA8B4C27C9AB1B00938D85 /* privacyViewController.swift in Sources */,
				85417DE327303088003F59CF /* Lost_Found.xcdatamodeld in Sources */,
				85428DF4277CD226004C783B /* Question.swift in Sources */,
				851AB3AE27402ED3005606AC /* AssociationsController.swift in Sources */,
				85749BEC2752DEC900167934 /* DetailArticleController.swift in Sources */,
				85749BEE2754E25600167934 /* OptionsController.swift in Sources */,
				851AB3B7274142B9005606AC /* UserService.swift in Sources */,
				855A9EF0275F5E9E00EBBBD5 /* ResetPassController.swift in Sources */,
				855C5A22274BFA3300906DE1 /* ArticleService.swift in Sources */,
				855C5A24274BFCEF00906DE1 /* ModifierProfilController.swift in Sources */,
				851AB3AA274017E9005606AC /* DesignUi.swift in Sources */,
				85B5B72D273E993E0079E2FE /* CreateAccount.swift in Sources */,
				8574341927809F5900C5FE7A /* reponsesController.swift in Sources */,
				851AB3B227402EEA005606AC /* LostAndFoundController.swift in Sources */,
				856459BA27C4F4030040459C /* MyAuthorizationAppleIDButton.swift in Sources */,
				851AB3A6273FDAA1005606AC /* MotDePasseOublieController.swift in Sources */,
				850FBD58275AD997005DF862 /* PlacesViewController.swift in Sources */,
				85417DDD27303088003F59CF /* ConnexionController.swift in Sources */,
				850FBD56275AD394005DF862 /* GPSController.swift in Sources */,
				85E9B1E32762D0DE00FB94F7 /* MessagerieController.swift in Sources */,
				851AB3AC27402EC4005606AC /* ProfileController.swift in Sources */,
				85417DD927303088003F59CF /* AppDelegate.swift in Sources */,
				85749BF027582BB400167934 /* ContactProfilController.swift in Sources */,
				85428DF2277CCFB6004C783B /* AjoutQuestionController.swift in Sources */,
				85B5B729273E986C0079E2FE /* User.swift in Sources */,
				8549F2E9276F7F0300A699E7 /* verificationCodeController.swift in Sources */,
				8549F2EB276FDD2300A699E7 /* DetailMyStuffController.swift in Sources */,
				856260C12764C48600633D15 /* SendBirdApi.swift in Sources */,
				85B745DB274EC77000B18E4F /* Article.swift in Sources */,
				85417DDB27303088003F59CF /* SceneDelegate.swift in Sources */,
				853D8AFF27680091009CF076 /* MyStuff.swift in Sources */,
				85428DF0277CCD7E004C783B /* QuestionReponseService.swift in Sources */,
				851AB3B427410C2D005606AC /* MySubclassedTabBarController.swift in Sources */,
				85749BEA2750670400167934 /* AjouterArticleController.swift in Sources */,
				85B223F2275AA041003D6553 /* GoogleMapsHelper.swift in Sources */,
			);
			runOnlyForDeploymentPostprocessing = 0;
		};
/* End PBXSourcesBuildPhase section */

/* Begin PBXVariantGroup section */
		85417DDE27303088003F59CF /* Main.storyboard */ = {
			isa = PBXVariantGroup;
			children = (
				85417DDF27303088003F59CF /* Base */,
			);
			name = Main.storyboard;
			sourceTree = "<group>";
		};
		85417DE627303089003F59CF /* LaunchScreen.storyboard */ = {
			isa = PBXVariantGroup;
			children = (
				85417DE727303089003F59CF /* Base */,
			);
			name = LaunchScreen.storyboard;
			sourceTree = "<group>";
		};
/* End PBXVariantGroup section */

/* Begin XCBuildConfiguration section */
		85417DEA27303089003F59CF /* Debug */ = {
			isa = XCBuildConfiguration;
			buildSettings = {
				ALWAYS_SEARCH_USER_PATHS = NO;
				CLANG_ANALYZER_NONNULL = YES;
				CLANG_ANALYZER_NUMBER_OBJECT_CONVERSION = YES_AGGRESSIVE;
				CLANG_CXX_LANGUAGE_STANDARD = "gnu++14";
				CLANG_CXX_LIBRARY = "libc++";
				CLANG_ENABLE_MODULES = YES;
				CLANG_ENABLE_OBJC_ARC = YES;
				CLANG_ENABLE_OBJC_WEAK = YES;
				CLANG_WARN_BLOCK_CAPTURE_AUTORELEASING = YES;
				CLANG_WARN_BOOL_CONVERSION = YES;
				CLANG_WARN_COMMA = YES;
				CLANG_WARN_CONSTANT_CONVERSION = YES;
				CLANG_WARN_DEPRECATED_OBJC_IMPLEMENTATIONS = YES;
				CLANG_WARN_DIRECT_OBJC_ISA_USAGE = YES_ERROR;
				CLANG_WARN_DOCUMENTATION_COMMENTS = YES;
				CLANG_WARN_EMPTY_BODY = YES;
				CLANG_WARN_ENUM_CONVERSION = YES;
				CLANG_WARN_INFINITE_RECURSION = YES;
				CLANG_WARN_INT_CONVERSION = YES;
				CLANG_WARN_NON_LITERAL_NULL_CONVERSION = YES;
				CLANG_WARN_OBJC_IMPLICIT_RETAIN_SELF = YES;
				CLANG_WARN_OBJC_LITERAL_CONVERSION = YES;
				CLANG_WARN_OBJC_ROOT_CLASS = YES_ERROR;
				CLANG_WARN_QUOTED_INCLUDE_IN_FRAMEWORK_HEADER = YES;
				CLANG_WARN_RANGE_LOOP_ANALYSIS = YES;
				CLANG_WARN_STRICT_PROTOTYPES = YES;
				CLANG_WARN_SUSPICIOUS_MOVE = YES;
				CLANG_WARN_UNGUARDED_AVAILABILITY = YES_AGGRESSIVE;
				CLANG_WARN_UNREACHABLE_CODE = YES;
				CLANG_WARN__DUPLICATE_METHOD_MATCH = YES;
				COPY_PHASE_STRIP = NO;
				DEBUG_INFORMATION_FORMAT = dwarf;
				ENABLE_STRICT_OBJC_MSGSEND = YES;
				ENABLE_TESTABILITY = YES;
				GCC_C_LANGUAGE_STANDARD = gnu11;
				GCC_DYNAMIC_NO_PIC = NO;
				GCC_NO_COMMON_BLOCKS = YES;
				GCC_OPTIMIZATION_LEVEL = 0;
				GCC_PREPROCESSOR_DEFINITIONS = (
					"DEBUG=1",
					"$(inherited)",
				);
				GCC_WARN_64_TO_32_BIT_CONVERSION = YES;
				GCC_WARN_ABOUT_RETURN_TYPE = YES_ERROR;
				GCC_WARN_UNDECLARED_SELECTOR = YES;
				GCC_WARN_UNINITIALIZED_AUTOS = YES_AGGRESSIVE;
				GCC_WARN_UNUSED_FUNCTION = YES;
				GCC_WARN_UNUSED_VARIABLE = YES;
				IPHONEOS_DEPLOYMENT_TARGET = 14.1;
				MTL_ENABLE_DEBUG_INFO = INCLUDE_SOURCE;
				MTL_FAST_MATH = YES;
				ONLY_ACTIVE_ARCH = YES;
				SDKROOT = iphoneos;
				SWIFT_ACTIVE_COMPILATION_CONDITIONS = DEBUG;
				SWIFT_OPTIMIZATION_LEVEL = "-Onone";
			};
			name = Debug;
		};
		85417DEB27303089003F59CF /* Release */ = {
			isa = XCBuildConfiguration;
			buildSettings = {
				ALWAYS_SEARCH_USER_PATHS = NO;
				CLANG_ANALYZER_NONNULL = YES;
				CLANG_ANALYZER_NUMBER_OBJECT_CONVERSION = YES_AGGRESSIVE;
				CLANG_CXX_LANGUAGE_STANDARD = "gnu++14";
				CLANG_CXX_LIBRARY = "libc++";
				CLANG_ENABLE_MODULES = YES;
				CLANG_ENABLE_OBJC_ARC = YES;
				CLANG_ENABLE_OBJC_WEAK = YES;
				CLANG_WARN_BLOCK_CAPTURE_AUTORELEASING = YES;
				CLANG_WARN_BOOL_CONVERSION = YES;
				CLANG_WARN_COMMA = YES;
				CLANG_WARN_CONSTANT_CONVERSION = YES;
				CLANG_WARN_DEPRECATED_OBJC_IMPLEMENTATIONS = YES;
				CLANG_WARN_DIRECT_OBJC_ISA_USAGE = YES_ERROR;
				CLANG_WARN_DOCUMENTATION_COMMENTS = YES;
				CLANG_WARN_EMPTY_BODY = YES;
				CLANG_WARN_ENUM_CONVERSION = YES;
				CLANG_WARN_INFINITE_RECURSION = YES;
				CLANG_WARN_INT_CONVERSION = YES;
				CLANG_WARN_NON_LITERAL_NULL_CONVERSION = YES;
				CLANG_WARN_OBJC_IMPLICIT_RETAIN_SELF = YES;
				CLANG_WARN_OBJC_LITERAL_CONVERSION = YES;
				CLANG_WARN_OBJC_ROOT_CLASS = YES_ERROR;
				CLANG_WARN_QUOTED_INCLUDE_IN_FRAMEWORK_HEADER = YES;
				CLANG_WARN_RANGE_LOOP_ANALYSIS = YES;
				CLANG_WARN_STRICT_PROTOTYPES = YES;
				CLANG_WARN_SUSPICIOUS_MOVE = YES;
				CLANG_WARN_UNGUARDED_AVAILABILITY = YES_AGGRESSIVE;
				CLANG_WARN_UNREACHABLE_CODE = YES;
				CLANG_WARN__DUPLICATE_METHOD_MATCH = YES;
				COPY_PHASE_STRIP = NO;
				DEBUG_INFORMATION_FORMAT = "dwarf-with-dsym";
				ENABLE_NS_ASSERTIONS = NO;
				ENABLE_STRICT_OBJC_MSGSEND = YES;
				GCC_C_LANGUAGE_STANDARD = gnu11;
				GCC_NO_COMMON_BLOCKS = YES;
				GCC_WARN_64_TO_32_BIT_CONVERSION = YES;
				GCC_WARN_ABOUT_RETURN_TYPE = YES_ERROR;
				GCC_WARN_UNDECLARED_SELECTOR = YES;
				GCC_WARN_UNINITIALIZED_AUTOS = YES_AGGRESSIVE;
				GCC_WARN_UNUSED_FUNCTION = YES;
				GCC_WARN_UNUSED_VARIABLE = YES;
				IPHONEOS_DEPLOYMENT_TARGET = 14.1;
				MTL_ENABLE_DEBUG_INFO = NO;
				MTL_FAST_MATH = YES;
				SDKROOT = iphoneos;
				SWIFT_COMPILATION_MODE = wholemodule;
				SWIFT_OPTIMIZATION_LEVEL = "-O";
				VALIDATE_PRODUCT = YES;
			};
			name = Release;
		};
		85417DED27303089003F59CF /* Debug */ = {
			isa = XCBuildConfiguration;
			baseConfigurationReference = 37C094B492512844F872D455 /* Pods-Lost&Found.debug.xcconfig */;
			buildSettings = {
				ASSETCATALOG_COMPILER_APPICON_NAME = AppIcon;
				ASSETCATALOG_COMPILER_GLOBAL_ACCENT_COLOR_NAME = AccentColor;
				CODE_SIGN_ENTITLEMENTS = "Lost&Found/Lost&Found.entitlements";
				CODE_SIGN_STYLE = Automatic;
				CURRENT_PROJECT_VERSION = 1.3;
				DEVELOPMENT_TEAM = G96V29LG5G;
				INFOPLIST_FILE = "Lost&Found/Info.plist";
				LD_RUNPATH_SEARCH_PATHS = (
					"$(inherited)",
					"@executable_path/Frameworks",
				);
				MARKETING_VERSION = 1.3;
				PRODUCT_BUNDLE_IDENTIFIER = "MMC.Lost-Found";
				PRODUCT_NAME = "$(TARGET_NAME)";
				SWIFT_VERSION = 5.0;
				TARGETED_DEVICE_FAMILY = 1;
			};
			name = Debug;
		};
		85417DEE27303089003F59CF /* Release */ = {
			isa = XCBuildConfiguration;
			baseConfigurationReference = 766F6269280CEBFF318E44FF /* Pods-Lost&Found.release.xcconfig */;
			buildSettings = {
				ASSETCATALOG_COMPILER_APPICON_NAME = AppIcon;
				ASSETCATALOG_COMPILER_GLOBAL_ACCENT_COLOR_NAME = AccentColor;
				CODE_SIGN_ENTITLEMENTS = "Lost&Found/Lost&Found.entitlements";
				CODE_SIGN_IDENTITY = "Apple Development";
				CODE_SIGN_STYLE = Automatic;
				CURRENT_PROJECT_VERSION = 1.3;
				DEVELOPMENT_TEAM = G96V29LG5G;
				INFOPLIST_FILE = "Lost&Found/Info.plist";
				LD_RUNPATH_SEARCH_PATHS = (
					"$(inherited)",
					"@executable_path/Frameworks",
				);
				MARKETING_VERSION = 1.3;
				PRODUCT_BUNDLE_IDENTIFIER = "MMC.Lost-Found";
				PRODUCT_NAME = "$(TARGET_NAME)";
				PROVISIONING_PROFILE_SPECIFIER = "";
				SWIFT_VERSION = 5.0;
				TARGETED_DEVICE_FAMILY = 1;
			};
			name = Release;
		};
/* End XCBuildConfiguration section */

/* Begin XCConfigurationList section */
		85417DD027303087003F59CF /* Build configuration list for PBXProject "Lost&Found" */ = {
			isa = XCConfigurationList;
			buildConfigurations = (
				85417DEA27303089003F59CF /* Debug */,
				85417DEB27303089003F59CF /* Release */,
			);
			defaultConfigurationIsVisible = 0;
			defaultConfigurationName = Release;
		};
		85417DEC27303089003F59CF /* Build configuration list for PBXNativeTarget "Lost&Found" */ = {
			isa = XCConfigurationList;
			buildConfigurations = (
				85417DED27303089003F59CF /* Debug */,
				85417DEE27303089003F59CF /* Release */,
			);
			defaultConfigurationIsVisible = 0;
			defaultConfigurationName = Release;
		};
/* End XCConfigurationList section */

/* Begin XCVersionGroup section */
		85417DE127303088003F59CF /* Lost_Found.xcdatamodeld */ = {
			isa = XCVersionGroup;
			children = (
				85417DE227303088003F59CF /* Lost_Found.xcdatamodel */,
			);
			currentVersion = 85417DE227303088003F59CF /* Lost_Found.xcdatamodel */;
			path = Lost_Found.xcdatamodeld;
			sourceTree = "<group>";
			versionGroupType = wrapper.xcdatamodel;
		};
/* End XCVersionGroup section */
	};
	rootObject = 85417DCD27303087003F59CF /* Project object */;
}
