PODS:
  - AppAuth (1.4.0):
    - AppAuth/Core (= 1.4.0)
    - AppAuth/ExternalUserAgent (= 1.4.0)
  - AppAuth/Core (1.4.0)
  - AppAuth/ExternalUserAgent (1.4.0)
  - AppCenter (4.4.1):
    - AppCenter/Analytics (= 4.4.1)
    - AppCenter/Crashes (= 4.4.1)
  - AppCenter/Analytics (4.4.1):
    - AppCenter/Core
  - AppCenter/Core (4.4.1)
  - AppCenter/Crashes (4.4.1):
    - AppCenter/Core
  - DropDown (2.3.13)
  - FBAEMKit (12.1.0):
    - FBSDKCoreKit_Basics (= 12.1.0)
  - FBSDKCoreKit (12.1.0):
    - FBAEMKit (= 12.1.0)
    - FBSDKCoreKit_Basics (= 12.1.0)
  - FBSDKCoreKit_Basics (12.1.0)
  - FBSDKLoginKit (12.1.0):
    - FBSDKCoreKit (= 12.1.0)
  - GoogleMaps (6.0.0):
    - GoogleMaps/Maps (= 6.0.0)
  - GoogleMaps/Base (6.0.0)
  - GoogleMaps/Maps (6.0.0):
    - GoogleMaps/Base
  - GooglePlaces (6.0.0)
  - GoogleSignIn (6.0.2):
    - AppAuth (~> 1.4)
    - GTMAppAuth (~> 1.0)
    - GTMSessionFetcher/Core (~> 1.1)
  - GTMAppAuth (1.2.2):
    - AppAuth/Core (~> 1.4)
    - GTMSessionFetcher/Core (~> 1.5)
  - GTMSessionFetcher/Core (1.7.0)
  - SendBirdSDK (3.1.1)
  - SendBirdUIKit (2.2.1):
    - SendBirdSDK (~> 3.1.1)

DEPENDENCIES:
  - AppCenter
  - DropDown
  - FBSDKLoginKit
  - GoogleMaps
  - GooglePlaces
  - GoogleSignIn
  - SendBirdUIKit

SPEC REPOS:
  trunk:
    - AppAuth
    - AppCenter
    - DropDown
    - FBAEMKit
    - FBSDKCoreKit
    - FBSDKCoreKit_Basics
    - FBSDKLoginKit
    - GoogleMaps
    - GooglePlaces
    - GoogleSignIn
    - GTMAppAuth
    - GTMSessionFetcher
    - SendBirdSDK
    - SendBirdUIKit

SPEC CHECKSUMS:
  AppAuth: 31bcec809a638d7bd2f86ea8a52bd45f6e81e7c7
  AppCenter: b0b6f1190215b5f983c42934db718f3b46fff3c0
  DropDown: 8a2116376c1981888557f72ec2ffc9a5e0e456ec
  FBAEMKit: 56c0bb9b42e3747cd82b67934f0c2b19325382ea
  FBSDKCoreKit: 75368765d9c2303073145a7925dfaa9d60bcd77b
  FBSDKCoreKit_Basics: 39865aff97e5f6951a78fb3e89dc4460e35e1895
  FBSDKLoginKit: e993f97c7cc794c5da4056d8aec3c3d66033a727
  GoogleMaps: 750f237920fa44dd32de0c0d2004d35cb2c688f3
  GooglePlaces: c97d96ae68594acb64035c9ca9f26fbfc1d23af1
  GoogleSignIn: fd381840dbe7c1137aa6dc30849a5c3e070c034a
  GTMAppAuth: ad5c2b70b9a8689e1a04033c9369c4915bfcbe89
  GTMSessionFetcher: 43748f93435c2aa068b1cbe39655aaf600652e91
  SendBirdSDK: f698cf686d732889d79854756aba6bbc20062a00
  SendBirdUIKit: 19f911839f10908e58db91900d33b6758ad47744

PODFILE CHECKSUM: 1b3def2c69022ed0b0bf51f7d9d887a06d69467b

COCOAPODS: 1.11.2
